
Microsoft Visual Studio Solution File, Format Version 12.00
# Visual Studio 11
Project("{FAE04EC0-301F-11D3-BF4B-00C04F79EFBC}") = "Dsl", "Dsl\Dsl.csproj", "{FC331572-C58B-4725-9C25-98CC95B81503}"
EndProject
Project("{FAE04EC0-301F-11D3-BF4B-00C04F79EFBC}") = "DslPackage", "DslPackage\DslPackage.csproj", "{461D4646-5E68-4F8C-9C99-39426FA6E02C}"
EndProject
Global
	GlobalSection(SolutionConfigurationPlatforms) = preSolution
		Debug|Any CPU = Debug|Any CPU
		Release|Any CPU = Release|Any CPU
	EndGlobalSection
	GlobalSection(ProjectConfigurationPlatforms) = postSolution
		{FC331572-C58B-4725-9C25-98CC95B81503}.Debug|Any CPU.ActiveCfg = Debug|Any CPU
		{FC331572-C58B-4725-9C25-98CC95B81503}.Debug|Any CPU.Build.0 = Debug|Any CPU
		{FC331572-C58B-4725-9C25-98CC95B81503}.Release|Any CPU.ActiveCfg = Release|Any CPU
		{FC331572-C58B-4725-9C25-98CC95B81503}.Release|Any CPU.Build.0 = Release|Any CPU
		{461D4646-5E68-4F8C-9C99-39426FA6E02C}.Debug|Any CPU.ActiveCfg = Debug|Any CPU
		{461D4646-5E68-4F8C-9C99-39426FA6E02C}.Debug|Any CPU.Build.0 = Debug|Any CPU
		{461D4646-5E68-4F8C-9C99-39426FA6E02C}.Release|Any CPU.ActiveCfg = Release|Any CPU
		{461D4646-5E68-4F8C-9C99-39426FA6E02C}.Release|Any CPU.Build.0 = Release|Any CPU
	EndGlobalSection
	GlobalSection(SolutionProperties) = preSolution
		HideSolutionNode = FALSE
	EndGlobalSection
EndGlobal
