
Microsoft Visual Studio Solution File, Format Version 12.00
# Visual Studio 11
Project("{FAE04EC0-301F-11D3-BF4B-00C04F79EFBC}") = "Dsl", "Dsl\Dsl.csproj", "{3306C8F6-51A4-4CAF-84C6-45566D99D216}"
EndProject
Project("{FAE04EC0-301F-11D3-BF4B-00C04F79EFBC}") = "DslPackage", "DslPackage\DslPackage.csproj", "{FAB6675D-58DB-4BE0-A9E2-21AF605075E5}"
EndProject
Project("{FAE04EC0-301F-11D3-BF4B-00C04F79EFBC}") = "ModelBusAdapter", "ModelBusAdapter\ModelBusAdapter.csproj", "{287C7489-67BA-423D-B3BA-26DA7F212D3F}"
EndProject
Global
	GlobalSection(SolutionConfigurationPlatforms) = preSolution
		Debug|Any CPU = Debug|Any CPU
		Release|Any CPU = Release|Any CPU
	EndGlobalSection
	GlobalSection(ProjectConfigurationPlatforms) = postSolution
		{3306C8F6-51A4-4CAF-84C6-45566D99D216}.Debug|Any CPU.ActiveCfg = Debug|Any CPU
		{3306C8F6-51A4-4CAF-84C6-45566D99D216}.Debug|Any CPU.Build.0 = Debug|Any CPU
		{3306C8F6-51A4-4CAF-84C6-45566D99D216}.Release|Any CPU.ActiveCfg = Release|Any CPU
		{3306C8F6-51A4-4CAF-84C6-45566D99D216}.Release|Any CPU.Build.0 = Release|Any CPU
		{FAB6675D-58DB-4BE0-A9E2-21AF605075E5}.Debug|Any CPU.ActiveCfg = Debug|Any CPU
		{FAB6675D-58DB-4BE0-A9E2-21AF605075E5}.Debug|Any CPU.Build.0 = Debug|Any CPU
		{FAB6675D-58DB-4BE0-A9E2-21AF605075E5}.Release|Any CPU.ActiveCfg = Release|Any CPU
		{FAB6675D-58DB-4BE0-A9E2-21AF605075E5}.Release|Any CPU.Build.0 = Release|Any CPU
		{287C7489-67BA-423D-B3BA-26DA7F212D3F}.Debug|Any CPU.ActiveCfg = Debug|Any CPU
		{287C7489-67BA-423D-B3BA-26DA7F212D3F}.Debug|Any CPU.Build.0 = Debug|Any CPU
		{287C7489-67BA-423D-B3BA-26DA7F212D3F}.Release|Any CPU.ActiveCfg = Release|Any CPU
		{287C7489-67BA-423D-B3BA-26DA7F212D3F}.Release|Any CPU.Build.0 = Release|Any CPU
	EndGlobalSection
	GlobalSection(SolutionProperties) = preSolution
		HideSolutionNode = FALSE
	EndGlobalSection
EndGlobal
