
Microsoft Visual Studio Solution File, Format Version 12.00
# Visual Studio 2013
VisualStudioVersion = 12.0.31101.0
MinimumVisualStudioVersion = 10.0.40219.1
Project("{2150E333-8FDC-42A3-9474-1A3956D46DE8}") = "Deployment", "Deployment", "{7B1C8020-6B31-43B2-A868-B91F3E1600C7}"
EndProject
Project("{2150E333-8FDC-42A3-9474-1A3956D46DE8}") = "Client Module", "Client Module", "{FF7A2017-0A89-4C13-BFC8-2E8B4D8FABCC}"
EndProject
Project("{2150E333-8FDC-42A3-9474-1A3956D46DE8}") = "Core", "Core", "{F65C0B27-5F13-4F8C-AF9A-90A78BB68D63}"
EndProject
Project("{2150E333-8FDC-42A3-9474-1A3956D46DE8}") = "WindowsServices", "WindowsServices", "{E9BD5BB1-E9FF-4D67-B67C-5466B9478894}"
EndProject
Project("{2150E333-8FDC-42A3-9474-1A3956D46DE8}") = ".nuget", ".nuget", "{F098CC2E-147A-493E-A07F-AE2897524623}"
	ProjectSection(SolutionItems) = preProject
		.nuget\NuGet.Config = .nuget\NuGet.Config
		.nuget\NuGet.exe = .nuget\NuGet.exe
		.nuget\NuGet.targets = .nuget\NuGet.targets
	EndProjectSection
EndProject
Project("{2150E333-8FDC-42A3-9474-1A3956D46DE8}") = "Shared Files", "Shared Files", "{221E6553-D975-469C-8DB0-84A20CDED874}"
	ProjectSection(SolutionItems) = preProject
		Shared\cloudcore.cer = Shared\cloudcore.cer
		Shared\cloudcore.pfx = Shared\cloudcore.pfx
		Shared\cloudcore.pvk = Shared\cloudcore.pvk
		Shared\cloudcore.snk = Shared\cloudcore.snk
		Shared\createcertificate.cmd = Shared\createcertificate.cmd
		Shared Files\GlobalAssemblyInfo.cs = Shared Files\GlobalAssemblyInfo.cs
	EndProjectSection
EndProject
Project("{2150E333-8FDC-42A3-9474-1A3956D46DE8}") = "Azure", "Azure", "{02049FFB-97DF-4E94-9329-7D7F66D1E9B9}"
EndProject
Project("{FAE04EC0-301F-11D3-BF4B-00C04F79EFBC}") = "CloudCore.Admin", "System Modules\Admin\CloudCore.Admin.csproj", "{15BA3625-9078-4CE4-A2BD-DC498CB793F5}"
EndProject
Project("{FAE04EC0-301F-11D3-BF4B-00C04F79EFBC}") = "VirtualWorkerWindowsService", "WindowsServices\VirtualWorkerWindowsService\VirtualWorkerWindowsService.csproj", "{4A5CF23B-23DC-4571-B875-D66EECE28F63}"
EndProject
Project("{FAE04EC0-301F-11D3-BF4B-00C04F79EFBC}") = "VirtualWorker", "Azure Deployment\VirtualWorker\VirtualWorker.csproj", "{BFA85ADB-A92B-46BD-9FC5-AEE154031EB9}"
EndProject
Project("{FAE04EC0-301F-11D3-BF4B-00C04F79EFBC}") = "Cache", "Azure Deployment\Cache\Cache.csproj", "{47349A16-AF03-4522-8085-C959E3063C0C}"
EndProject
Project("{FAE04EC0-301F-11D3-BF4B-00C04F79EFBC}") = "Site", "Azure Deployment\Site\Site.csproj", "{F7FF594E-70D4-4611-8908-579E1CA7A9FA}"
EndProject
Project("{2150E333-8FDC-42A3-9474-1A3956D46DE8}") = "DataLayer", "DataLayer", "{7FF9BB96-897C-4F35-8518-9A1ACF15C0E9}"
EndProject
Project("{00D1A9C2-B5F0-4AF3-8072-F6C62B433612}") = "CloudCoreDB", "DataLayer\DB\CloudCoreDB\CloudCoreDB.sqlproj", "{E1E79AE1-6BC5-4647-AC7E-4CF54C4FEFC3}"
EndProject
Project("{FAE04EC0-301F-11D3-BF4B-00C04F79EFBC}") = "CloudCore.Data", "DataLayer\Data\CloudCore.Data.csproj", "{246E33E8-86A8-4E21-A966-9387D3563B4D}"
EndProject
Project("{FAE04EC0-301F-11D3-BF4B-00C04F79EFBC}") = "CloudCore.Core", "Core Libraries\CloudCore.Core\CloudCore.Core.csproj", "{C9D0D0DD-1BC4-4DE6-96EE-730BBAB6B467}"
EndProject
Project("{FAE04EC0-301F-11D3-BF4B-00C04F79EFBC}") = "CloudCore.Web", "System Modules\CUI\CloudCore.Web.csproj", "{81BD974A-E465-4727-9839-149CA249F78A}"
EndProject
Project("{FAE04EC0-301F-11D3-BF4B-00C04F79EFBC}") = "CloudCore.Web.Core", "Core Libraries\CloudCore.Web.Core\CloudCore.Web.Core.csproj", "{477AC7F0-9779-4607-A255-1889E6A74B0B}"
EndProject
Project("{FAE04EC0-301F-11D3-BF4B-00C04F79EFBC}") = "CloudCore.VirtualWorker", "Core Libraries\CloudCore.VirtualWorker\CloudCore.VirtualWorker.csproj", "{B33186A2-823E-4700-8BC9-F40455EA1A5C}"
EndProject
Project("{CC5FD16D-436D-48AD-A40C-5A424C6E3E79}") = "Azure", "Azure Deployment\Azure\Azure.ccproj", "{4AD9DC23-0D50-49E9-8CB2-87AAD6A439C9}"
EndProject
Project("{2150E333-8FDC-42A3-9474-1A3956D46DE8}") = "SubProcess", "SubProcess", "{8639F8E2-D3C6-41AF-A201-6B7DFBF063A5}"
EndProject
Project("{2150E333-8FDC-42A3-9474-1A3956D46DE8}") = "Process", "Process", "{C2FE8D98-403B-4654-805E-B3C21D02D8BC}"
EndProject
Project("{2150E333-8FDC-42A3-9474-1A3956D46DE8}") = "ScheduledTasks", "ScheduledTasks", "{0543F20D-A497-405B-B94F-952550AFEAEC}"
EndProject
Project("{FAE04EC0-301F-11D3-BF4B-00C04F79EFBC}") = "Dsl", "Tools\Architect\Dsl\Dsl.csproj", "{57DAA198-C91D-40EB-9DA5-39AE524B20C5}"
EndProject
Project("{FAE04EC0-301F-11D3-BF4B-00C04F79EFBC}") = "DslPackage", "Tools\Architect\DslPackage\DslPackage.csproj", "{F0CF3088-FE34-40B0-9C1F-C0EC5DE67BDE}"
EndProject
Project("{FAE04EC0-301F-11D3-BF4B-00C04F79EFBC}") = "ModelBusAdapter", "Tools\Architect\ModelBusAdapter\ModelBusAdapter.csproj", "{4585BA2B-B41A-4E95-A7BA-A7CBE1440E97}"
EndProject
Project("{FAE04EC0-301F-11D3-BF4B-00C04F79EFBC}") = "Dsl", "Tools\Architect\ProcessOverview\Dsl\Dsl.csproj", "{3306C8F6-51A4-4CAF-84C6-45566D99D216}"
EndProject
Project("{FAE04EC0-301F-11D3-BF4B-00C04F79EFBC}") = "DslPackage", "Tools\Architect\ProcessOverview\DslPackage\DslPackage.csproj", "{FAB6675D-58DB-4BE0-A9E2-21AF605075E5}"
	ProjectSection(ProjectDependencies) = postProject
		{287C7489-67BA-423D-B3BA-26DA7F212D3F} = {287C7489-67BA-423D-B3BA-26DA7F212D3F}
	EndProjectSection
EndProject
Project("{FAE04EC0-301F-11D3-BF4B-00C04F79EFBC}") = "ModelBusAdapter", "Tools\Architect\ProcessOverview\ModelBusAdapter\ModelBusAdapter.csproj", "{287C7489-67BA-423D-B3BA-26DA7F212D3F}"
EndProject
Project("{FAE04EC0-301F-11D3-BF4B-00C04F79EFBC}") = "Dsl", "Tools\Architect\ScheduledTasks\Dsl\Dsl.csproj", "{FC331572-C58B-4725-9C25-98CC95B81503}"
EndProject
Project("{FAE04EC0-301F-11D3-BF4B-00C04F79EFBC}") = "DslPackage", "Tools\Architect\ScheduledTasks\DslPackage\DslPackage.csproj", "{461D4646-5E68-4F8C-9C99-39426FA6E02C}"
EndProject
Project("{2150E333-8FDC-42A3-9474-1A3956D46DE8}") = "Architect", "Architect", "{FAB933ED-1828-45D0-9E4B-BD023885EBFE}"
EndProject
Project("{2150E333-8FDC-42A3-9474-1A3956D46DE8}") = "Templates", "Templates", "{D59F3E86-4625-43D8-9B44-58695EAA98D3}"
EndProject
Project("{FAE04EC0-301F-11D3-BF4B-00C04F79EFBC}") = "Package", "Tools\VSCloudCore\VS.Package\Package.csproj", "{7E61D567-C181-45B4-A9D5-9EE803052BFC}"
	ProjectSection(ProjectDependencies) = postProject
		{47349A16-AF03-4522-8085-C959E3063C0C} = {47349A16-AF03-4522-8085-C959E3063C0C}
		{15BA3625-9078-4CE4-A2BD-DC498CB793F5} = {15BA3625-9078-4CE4-A2BD-DC498CB793F5}
		{81BD974A-E465-4727-9839-149CA249F78A} = {81BD974A-E465-4727-9839-149CA249F78A}
		{1F2B3B66-ACBF-444D-B080-E4651D044FBD} = {1F2B3B66-ACBF-444D-B080-E4651D044FBD}
		{ABA3F767-2F01-4229-8FA4-730D192556F2} = {ABA3F767-2F01-4229-8FA4-730D192556F2}
		{D74B0B72-FDE1-41BC-A7E7-C6BB7B33FD48} = {D74B0B72-FDE1-41BC-A7E7-C6BB7B33FD48}
		{B33186A2-823E-4700-8BC9-F40455EA1A5C} = {B33186A2-823E-4700-8BC9-F40455EA1A5C}
		{40787BBB-07C7-4A3B-987F-84DDD2DA69A9} = {40787BBB-07C7-4A3B-987F-84DDD2DA69A9}
		{C9D0D0DD-1BC4-4DE6-96EE-730BBAB6B467} = {C9D0D0DD-1BC4-4DE6-96EE-730BBAB6B467}
		{E1E79AE1-6BC5-4647-AC7E-4CF54C4FEFC3} = {E1E79AE1-6BC5-4647-AC7E-4CF54C4FEFC3}
		{246E33E8-86A8-4E21-A966-9387D3563B4D} = {246E33E8-86A8-4E21-A966-9387D3563B4D}
		{0A5734EC-480D-4359-A44E-DA5E77C74766} = {0A5734EC-480D-4359-A44E-DA5E77C74766}
		{477AC7F0-9779-4607-A255-1889E6A74B0B} = {477AC7F0-9779-4607-A255-1889E6A74B0B}
	EndProjectSection
EndProject
Project("{FAE04EC0-301F-11D3-BF4B-00C04F79EFBC}") = "Wizards", "Tools\VSCloudCore\Templates\Wizards\Wizards.csproj", "{40787BBB-07C7-4A3B-987F-84DDD2DA69A9}"
EndProject
Project("{FAE04EC0-301F-11D3-BF4B-00C04F79EFBC}") = "Controls", "Tools\VSCloudCore\VS.Controls\Controls.csproj", "{0A5734EC-480D-4359-A44E-DA5E77C74766}"
EndProject
Project("{FAE04EC0-301F-11D3-BF4B-00C04F79EFBC}") = "ProjectTemplates", "Tools\VSCloudCore\Templates\Project Templates\ProjectTemplates.csproj", "{D74B0B72-FDE1-41BC-A7E7-C6BB7B33FD48}"
EndProject
Project("{FAE04EC0-301F-11D3-BF4B-00C04F79EFBC}") = "ItemTemplates", "Tools\VSCloudCore\Templates\Item Templates\ItemTemplates.csproj", "{1F2B3B66-ACBF-444D-B080-E4651D044FBD}"
EndProject
Project("{FAE04EC0-301F-11D3-BF4B-00C04F79EFBC}") = "Classes", "Tools\VSCloudCore\VS.Classes\Classes.csproj", "{ABA3F767-2F01-4229-8FA4-730D192556F2}"
EndProject
Project("{2150E333-8FDC-42A3-9474-1A3956D46DE8}") = "VSExtension", "VSExtension", "{BE632D42-A75C-4EF2-B66D-AAC9387FB9B3}"
EndProject
Global
	GlobalSection(SolutionConfigurationPlatforms) = preSolution
		Debug|Any CPU = Debug|Any CPU
		Debug|Mixed Platforms = Debug|Mixed Platforms
		Debug|x86 = Debug|x86
		Release|Any CPU = Release|Any CPU
		Release|Mixed Platforms = Release|Mixed Platforms
		Release|x86 = Release|x86
	EndGlobalSection
	GlobalSection(ProjectConfigurationPlatforms) = postSolution
		{15BA3625-9078-4CE4-A2BD-DC498CB793F5}.Debug|Any CPU.ActiveCfg = Debug|Any CPU
		{15BA3625-9078-4CE4-A2BD-DC498CB793F5}.Debug|Any CPU.Build.0 = Debug|Any CPU
		{15BA3625-9078-4CE4-A2BD-DC498CB793F5}.Debug|Mixed Platforms.ActiveCfg = Debug|Any CPU
		{15BA3625-9078-4CE4-A2BD-DC498CB793F5}.Debug|Mixed Platforms.Build.0 = Debug|Any CPU
		{15BA3625-9078-4CE4-A2BD-DC498CB793F5}.Debug|x86.ActiveCfg = Debug|Any CPU
		{15BA3625-9078-4CE4-A2BD-DC498CB793F5}.Debug|x86.Build.0 = Debug|Any CPU
		{15BA3625-9078-4CE4-A2BD-DC498CB793F5}.Release|Any CPU.ActiveCfg = Release|Any CPU
		{15BA3625-9078-4CE4-A2BD-DC498CB793F5}.Release|Any CPU.Build.0 = Release|Any CPU
		{15BA3625-9078-4CE4-A2BD-DC498CB793F5}.Release|Mixed Platforms.ActiveCfg = Release|Any CPU
		{15BA3625-9078-4CE4-A2BD-DC498CB793F5}.Release|Mixed Platforms.Build.0 = Release|Any CPU
		{15BA3625-9078-4CE4-A2BD-DC498CB793F5}.Release|x86.ActiveCfg = Release|Any CPU
		{4A5CF23B-23DC-4571-B875-D66EECE28F63}.Debug|Any CPU.ActiveCfg = Debug|Any CPU
		{4A5CF23B-23DC-4571-B875-D66EECE28F63}.Debug|Any CPU.Build.0 = Debug|Any CPU
		{4A5CF23B-23DC-4571-B875-D66EECE28F63}.Debug|Mixed Platforms.ActiveCfg = Debug|Any CPU
		{4A5CF23B-23DC-4571-B875-D66EECE28F63}.Debug|Mixed Platforms.Build.0 = Debug|Any CPU
		{4A5CF23B-23DC-4571-B875-D66EECE28F63}.Debug|x86.ActiveCfg = Debug|Any CPU
		{4A5CF23B-23DC-4571-B875-D66EECE28F63}.Release|Any CPU.ActiveCfg = Release|Any CPU
		{4A5CF23B-23DC-4571-B875-D66EECE28F63}.Release|Any CPU.Build.0 = Release|Any CPU
		{4A5CF23B-23DC-4571-B875-D66EECE28F63}.Release|Mixed Platforms.ActiveCfg = Release|Any CPU
		{4A5CF23B-23DC-4571-B875-D66EECE28F63}.Release|Mixed Platforms.Build.0 = Release|Any CPU
		{4A5CF23B-23DC-4571-B875-D66EECE28F63}.Release|x86.ActiveCfg = Release|Any CPU
		{BFA85ADB-A92B-46BD-9FC5-AEE154031EB9}.Debug|Any CPU.ActiveCfg = Debug|Any CPU
		{BFA85ADB-A92B-46BD-9FC5-AEE154031EB9}.Debug|Any CPU.Build.0 = Debug|Any CPU
		{BFA85ADB-A92B-46BD-9FC5-AEE154031EB9}.Debug|Mixed Platforms.ActiveCfg = Debug|Any CPU
		{BFA85ADB-A92B-46BD-9FC5-AEE154031EB9}.Debug|Mixed Platforms.Build.0 = Debug|Any CPU
		{BFA85ADB-A92B-46BD-9FC5-AEE154031EB9}.Debug|x86.ActiveCfg = Debug|Any CPU
		{BFA85ADB-A92B-46BD-9FC5-AEE154031EB9}.Release|Any CPU.ActiveCfg = Release|Any CPU
		{BFA85ADB-A92B-46BD-9FC5-AEE154031EB9}.Release|Any CPU.Build.0 = Release|Any CPU
		{BFA85ADB-A92B-46BD-9FC5-AEE154031EB9}.Release|Mixed Platforms.ActiveCfg = Release|Any CPU
		{BFA85ADB-A92B-46BD-9FC5-AEE154031EB9}.Release|Mixed Platforms.Build.0 = Release|Any CPU
		{BFA85ADB-A92B-46BD-9FC5-AEE154031EB9}.Release|x86.ActiveCfg = Release|Any CPU
		{47349A16-AF03-4522-8085-C959E3063C0C}.Debug|Any CPU.ActiveCfg = Debug|Any CPU
		{47349A16-AF03-4522-8085-C959E3063C0C}.Debug|Any CPU.Build.0 = Debug|Any CPU
		{47349A16-AF03-4522-8085-C959E3063C0C}.Debug|Mixed Platforms.ActiveCfg = Debug|Any CPU
		{47349A16-AF03-4522-8085-C959E3063C0C}.Debug|Mixed Platforms.Build.0 = Debug|Any CPU
		{47349A16-AF03-4522-8085-C959E3063C0C}.Debug|x86.ActiveCfg = Debug|Any CPU
		{47349A16-AF03-4522-8085-C959E3063C0C}.Release|Any CPU.ActiveCfg = Release|Any CPU
		{47349A16-AF03-4522-8085-C959E3063C0C}.Release|Any CPU.Build.0 = Release|Any CPU
		{47349A16-AF03-4522-8085-C959E3063C0C}.Release|Mixed Platforms.ActiveCfg = Release|Any CPU
		{47349A16-AF03-4522-8085-C959E3063C0C}.Release|Mixed Platforms.Build.0 = Release|Any CPU
		{47349A16-AF03-4522-8085-C959E3063C0C}.Release|x86.ActiveCfg = Release|Any CPU
		{F7FF594E-70D4-4611-8908-579E1CA7A9FA}.Debug|Any CPU.ActiveCfg = Debug|Any CPU
		{F7FF594E-70D4-4611-8908-579E1CA7A9FA}.Debug|Any CPU.Build.0 = Debug|Any CPU
		{F7FF594E-70D4-4611-8908-579E1CA7A9FA}.Debug|Mixed Platforms.ActiveCfg = Debug|Any CPU
		{F7FF594E-70D4-4611-8908-579E1CA7A9FA}.Debug|Mixed Platforms.Build.0 = Debug|Any CPU
		{F7FF594E-70D4-4611-8908-579E1CA7A9FA}.Debug|x86.ActiveCfg = Debug|Any CPU
		{F7FF594E-70D4-4611-8908-579E1CA7A9FA}.Release|Any CPU.ActiveCfg = Release|Any CPU
		{F7FF594E-70D4-4611-8908-579E1CA7A9FA}.Release|Any CPU.Build.0 = Release|Any CPU
		{F7FF594E-70D4-4611-8908-579E1CA7A9FA}.Release|Mixed Platforms.ActiveCfg = Release|Any CPU
		{F7FF594E-70D4-4611-8908-579E1CA7A9FA}.Release|Mixed Platforms.Build.0 = Release|Any CPU
		{F7FF594E-70D4-4611-8908-579E1CA7A9FA}.Release|x86.ActiveCfg = Release|Any CPU
		{E1E79AE1-6BC5-4647-AC7E-4CF54C4FEFC3}.Debug|Any CPU.ActiveCfg = Debug|Any CPU
		{E1E79AE1-6BC5-4647-AC7E-4CF54C4FEFC3}.Debug|Any CPU.Build.0 = Debug|Any CPU
		{E1E79AE1-6BC5-4647-AC7E-4CF54C4FEFC3}.Debug|Mixed Platforms.ActiveCfg = Debug|Any CPU
		{E1E79AE1-6BC5-4647-AC7E-4CF54C4FEFC3}.Debug|Mixed Platforms.Build.0 = Debug|Any CPU
		{E1E79AE1-6BC5-4647-AC7E-4CF54C4FEFC3}.Debug|x86.ActiveCfg = Debug|Any CPU
		{E1E79AE1-6BC5-4647-AC7E-4CF54C4FEFC3}.Release|Any CPU.ActiveCfg = Release|Any CPU
		{E1E79AE1-6BC5-4647-AC7E-4CF54C4FEFC3}.Release|Mixed Platforms.ActiveCfg = Release|Any CPU
		{E1E79AE1-6BC5-4647-AC7E-4CF54C4FEFC3}.Release|Mixed Platforms.Build.0 = Release|Any CPU
		{E1E79AE1-6BC5-4647-AC7E-4CF54C4FEFC3}.Release|Mixed Platforms.Deploy.0 = Release|Any CPU
		{E1E79AE1-6BC5-4647-AC7E-4CF54C4FEFC3}.Release|x86.ActiveCfg = Release|Any CPU
		{246E33E8-86A8-4E21-A966-9387D3563B4D}.Debug|Any CPU.ActiveCfg = Debug|Any CPU
		{246E33E8-86A8-4E21-A966-9387D3563B4D}.Debug|Any CPU.Build.0 = Debug|Any CPU
		{246E33E8-86A8-4E21-A966-9387D3563B4D}.Debug|Mixed Platforms.ActiveCfg = Debug|Any CPU
		{246E33E8-86A8-4E21-A966-9387D3563B4D}.Debug|Mixed Platforms.Build.0 = Debug|Any CPU
		{246E33E8-86A8-4E21-A966-9387D3563B4D}.Debug|x86.ActiveCfg = Debug|Any CPU
		{246E33E8-86A8-4E21-A966-9387D3563B4D}.Release|Any CPU.ActiveCfg = Release|Any CPU
		{246E33E8-86A8-4E21-A966-9387D3563B4D}.Release|Any CPU.Build.0 = Release|Any CPU
		{246E33E8-86A8-4E21-A966-9387D3563B4D}.Release|Mixed Platforms.ActiveCfg = Release|Any CPU
		{246E33E8-86A8-4E21-A966-9387D3563B4D}.Release|Mixed Platforms.Build.0 = Release|Any CPU
		{246E33E8-86A8-4E21-A966-9387D3563B4D}.Release|x86.ActiveCfg = Release|Any CPU
		{C9D0D0DD-1BC4-4DE6-96EE-730BBAB6B467}.Debug|Any CPU.ActiveCfg = Debug|Any CPU
		{C9D0D0DD-1BC4-4DE6-96EE-730BBAB6B467}.Debug|Any CPU.Build.0 = Debug|Any CPU
		{C9D0D0DD-1BC4-4DE6-96EE-730BBAB6B467}.Debug|Mixed Platforms.ActiveCfg = Debug|Any CPU
		{C9D0D0DD-1BC4-4DE6-96EE-730BBAB6B467}.Debug|Mixed Platforms.Build.0 = Debug|Any CPU
		{C9D0D0DD-1BC4-4DE6-96EE-730BBAB6B467}.Debug|x86.ActiveCfg = Debug|Any CPU
		{C9D0D0DD-1BC4-4DE6-96EE-730BBAB6B467}.Release|Any CPU.ActiveCfg = Release|Any CPU
		{C9D0D0DD-1BC4-4DE6-96EE-730BBAB6B467}.Release|Any CPU.Build.0 = Release|Any CPU
		{C9D0D0DD-1BC4-4DE6-96EE-730BBAB6B467}.Release|Mixed Platforms.ActiveCfg = Release|Any CPU
		{C9D0D0DD-1BC4-4DE6-96EE-730BBAB6B467}.Release|Mixed Platforms.Build.0 = Release|Any CPU
		{C9D0D0DD-1BC4-4DE6-96EE-730BBAB6B467}.Release|x86.ActiveCfg = Release|Any CPU
		{81BD974A-E465-4727-9839-149CA249F78A}.Debug|Any CPU.ActiveCfg = Debug|Any CPU
		{81BD974A-E465-4727-9839-149CA249F78A}.Debug|Any CPU.Build.0 = Debug|Any CPU
		{81BD974A-E465-4727-9839-149CA249F78A}.Debug|Mixed Platforms.ActiveCfg = Debug|Any CPU
		{81BD974A-E465-4727-9839-149CA249F78A}.Debug|Mixed Platforms.Build.0 = Debug|Any CPU
		{81BD974A-E465-4727-9839-149CA249F78A}.Debug|x86.ActiveCfg = Debug|Any CPU
		{81BD974A-E465-4727-9839-149CA249F78A}.Release|Any CPU.ActiveCfg = Release|Any CPU
		{81BD974A-E465-4727-9839-149CA249F78A}.Release|Any CPU.Build.0 = Release|Any CPU
		{81BD974A-E465-4727-9839-149CA249F78A}.Release|Mixed Platforms.ActiveCfg = Release|Any CPU
		{81BD974A-E465-4727-9839-149CA249F78A}.Release|Mixed Platforms.Build.0 = Release|Any CPU
		{81BD974A-E465-4727-9839-149CA249F78A}.Release|x86.ActiveCfg = Release|Any CPU
		{477AC7F0-9779-4607-A255-1889E6A74B0B}.Debug|Any CPU.ActiveCfg = Debug|Any CPU
		{477AC7F0-9779-4607-A255-1889E6A74B0B}.Debug|Any CPU.Build.0 = Debug|Any CPU
		{477AC7F0-9779-4607-A255-1889E6A74B0B}.Debug|Mixed Platforms.ActiveCfg = Debug|Any CPU
		{477AC7F0-9779-4607-A255-1889E6A74B0B}.Debug|Mixed Platforms.Build.0 = Debug|Any CPU
		{477AC7F0-9779-4607-A255-1889E6A74B0B}.Debug|x86.ActiveCfg = Debug|Any CPU
		{477AC7F0-9779-4607-A255-1889E6A74B0B}.Release|Any CPU.ActiveCfg = Release|Any CPU
		{477AC7F0-9779-4607-A255-1889E6A74B0B}.Release|Any CPU.Build.0 = Release|Any CPU
		{477AC7F0-9779-4607-A255-1889E6A74B0B}.Release|Mixed Platforms.ActiveCfg = Release|Any CPU
		{477AC7F0-9779-4607-A255-1889E6A74B0B}.Release|Mixed Platforms.Build.0 = Release|Any CPU
		{477AC7F0-9779-4607-A255-1889E6A74B0B}.Release|x86.ActiveCfg = Release|Any CPU
		{B33186A2-823E-4700-8BC9-F40455EA1A5C}.Debug|Any CPU.ActiveCfg = Debug|Any CPU
		{B33186A2-823E-4700-8BC9-F40455EA1A5C}.Debug|Any CPU.Build.0 = Debug|Any CPU
		{B33186A2-823E-4700-8BC9-F40455EA1A5C}.Debug|Mixed Platforms.ActiveCfg = Debug|Any CPU
		{B33186A2-823E-4700-8BC9-F40455EA1A5C}.Debug|Mixed Platforms.Build.0 = Debug|Any CPU
		{B33186A2-823E-4700-8BC9-F40455EA1A5C}.Debug|x86.ActiveCfg = Debug|Any CPU
		{B33186A2-823E-4700-8BC9-F40455EA1A5C}.Release|Any CPU.ActiveCfg = Release|Any CPU
		{B33186A2-823E-4700-8BC9-F40455EA1A5C}.Release|Any CPU.Build.0 = Release|Any CPU
		{B33186A2-823E-4700-8BC9-F40455EA1A5C}.Release|Mixed Platforms.ActiveCfg = Release|Any CPU
		{B33186A2-823E-4700-8BC9-F40455EA1A5C}.Release|Mixed Platforms.Build.0 = Release|Any CPU
		{B33186A2-823E-4700-8BC9-F40455EA1A5C}.Release|x86.ActiveCfg = Release|Any CPU
		{4AD9DC23-0D50-49E9-8CB2-87AAD6A439C9}.Debug|Any CPU.ActiveCfg = Debug|Any CPU
		{4AD9DC23-0D50-49E9-8CB2-87AAD6A439C9}.Debug|Any CPU.Build.0 = Debug|Any CPU
		{4AD9DC23-0D50-49E9-8CB2-87AAD6A439C9}.Debug|Mixed Platforms.ActiveCfg = Debug|Any CPU
		{4AD9DC23-0D50-49E9-8CB2-87AAD6A439C9}.Debug|Mixed Platforms.Build.0 = Debug|Any CPU
		{4AD9DC23-0D50-49E9-8CB2-87AAD6A439C9}.Debug|x86.ActiveCfg = Debug|Any CPU
		{4AD9DC23-0D50-49E9-8CB2-87AAD6A439C9}.Release|Any CPU.ActiveCfg = Release|Any CPU
		{4AD9DC23-0D50-49E9-8CB2-87AAD6A439C9}.Release|Any CPU.Build.0 = Release|Any CPU
		{4AD9DC23-0D50-49E9-8CB2-87AAD6A439C9}.Release|Mixed Platforms.ActiveCfg = Release|Any CPU
		{4AD9DC23-0D50-49E9-8CB2-87AAD6A439C9}.Release|Mixed Platforms.Build.0 = Release|Any CPU
		{4AD9DC23-0D50-49E9-8CB2-87AAD6A439C9}.Release|x86.ActiveCfg = Release|Any CPU
		{57DAA198-C91D-40EB-9DA5-39AE524B20C5}.Debug|Any CPU.ActiveCfg = Debug|Any CPU
		{57DAA198-C91D-40EB-9DA5-39AE524B20C5}.Debug|Any CPU.Build.0 = Debug|Any CPU
		{57DAA198-C91D-40EB-9DA5-39AE524B20C5}.Debug|Mixed Platforms.ActiveCfg = Debug|Any CPU
		{57DAA198-C91D-40EB-9DA5-39AE524B20C5}.Debug|Mixed Platforms.Build.0 = Debug|Any CPU
		{57DAA198-C91D-40EB-9DA5-39AE524B20C5}.Debug|x86.ActiveCfg = Debug|Any CPU
		{57DAA198-C91D-40EB-9DA5-39AE524B20C5}.Release|Any CPU.ActiveCfg = Release|Any CPU
		{57DAA198-C91D-40EB-9DA5-39AE524B20C5}.Release|Any CPU.Build.0 = Release|Any CPU
		{57DAA198-C91D-40EB-9DA5-39AE524B20C5}.Release|Mixed Platforms.ActiveCfg = Release|Any CPU
		{57DAA198-C91D-40EB-9DA5-39AE524B20C5}.Release|Mixed Platforms.Build.0 = Release|Any CPU
		{57DAA198-C91D-40EB-9DA5-39AE524B20C5}.Release|x86.ActiveCfg = Release|Any CPU
		{F0CF3088-FE34-40B0-9C1F-C0EC5DE67BDE}.Debug|Any CPU.ActiveCfg = Debug|Any CPU
		{F0CF3088-FE34-40B0-9C1F-C0EC5DE67BDE}.Debug|Any CPU.Build.0 = Debug|Any CPU
		{F0CF3088-FE34-40B0-9C1F-C0EC5DE67BDE}.Debug|Mixed Platforms.ActiveCfg = Debug|Any CPU
		{F0CF3088-FE34-40B0-9C1F-C0EC5DE67BDE}.Debug|Mixed Platforms.Build.0 = Debug|Any CPU
		{F0CF3088-FE34-40B0-9C1F-C0EC5DE67BDE}.Debug|x86.ActiveCfg = Debug|Any CPU
		{F0CF3088-FE34-40B0-9C1F-C0EC5DE67BDE}.Release|Any CPU.ActiveCfg = Release|Any CPU
		{F0CF3088-FE34-40B0-9C1F-C0EC5DE67BDE}.Release|Any CPU.Build.0 = Release|Any CPU
		{F0CF3088-FE34-40B0-9C1F-C0EC5DE67BDE}.Release|Mixed Platforms.ActiveCfg = Release|Any CPU
		{F0CF3088-FE34-40B0-9C1F-C0EC5DE67BDE}.Release|Mixed Platforms.Build.0 = Release|Any CPU
		{F0CF3088-FE34-40B0-9C1F-C0EC5DE67BDE}.Release|x86.ActiveCfg = Release|Any CPU
		{4585BA2B-B41A-4E95-A7BA-A7CBE1440E97}.Debug|Any CPU.ActiveCfg = Debug|Any CPU
		{4585BA2B-B41A-4E95-A7BA-A7CBE1440E97}.Debug|Any CPU.Build.0 = Debug|Any CPU
		{4585BA2B-B41A-4E95-A7BA-A7CBE1440E97}.Debug|Mixed Platforms.ActiveCfg = Debug|Any CPU
		{4585BA2B-B41A-4E95-A7BA-A7CBE1440E97}.Debug|Mixed Platforms.Build.0 = Debug|Any CPU
		{4585BA2B-B41A-4E95-A7BA-A7CBE1440E97}.Debug|x86.ActiveCfg = Debug|Any CPU
		{4585BA2B-B41A-4E95-A7BA-A7CBE1440E97}.Release|Any CPU.ActiveCfg = Release|Any CPU
		{4585BA2B-B41A-4E95-A7BA-A7CBE1440E97}.Release|Any CPU.Build.0 = Release|Any CPU
		{4585BA2B-B41A-4E95-A7BA-A7CBE1440E97}.Release|Mixed Platforms.ActiveCfg = Release|Any CPU
		{4585BA2B-B41A-4E95-A7BA-A7CBE1440E97}.Release|Mixed Platforms.Build.0 = Release|Any CPU
		{4585BA2B-B41A-4E95-A7BA-A7CBE1440E97}.Release|x86.ActiveCfg = Release|Any CPU
		{3306C8F6-51A4-4CAF-84C6-45566D99D216}.Debug|Any CPU.ActiveCfg = Debug|Any CPU
		{3306C8F6-51A4-4CAF-84C6-45566D99D216}.Debug|Any CPU.Build.0 = Debug|Any CPU
		{3306C8F6-51A4-4CAF-84C6-45566D99D216}.Debug|Mixed Platforms.ActiveCfg = Debug|Any CPU
		{3306C8F6-51A4-4CAF-84C6-45566D99D216}.Debug|Mixed Platforms.Build.0 = Debug|Any CPU
		{3306C8F6-51A4-4CAF-84C6-45566D99D216}.Debug|x86.ActiveCfg = Debug|Any CPU
		{3306C8F6-51A4-4CAF-84C6-45566D99D216}.Release|Any CPU.ActiveCfg = Release|Any CPU
		{3306C8F6-51A4-4CAF-84C6-45566D99D216}.Release|Any CPU.Build.0 = Release|Any CPU
		{3306C8F6-51A4-4CAF-84C6-45566D99D216}.Release|Mixed Platforms.ActiveCfg = Release|Any CPU
		{3306C8F6-51A4-4CAF-84C6-45566D99D216}.Release|Mixed Platforms.Build.0 = Release|Any CPU
		{3306C8F6-51A4-4CAF-84C6-45566D99D216}.Release|x86.ActiveCfg = Release|Any CPU
		{FAB6675D-58DB-4BE0-A9E2-21AF605075E5}.Debug|Any CPU.ActiveCfg = Debug|Any CPU
		{FAB6675D-58DB-4BE0-A9E2-21AF605075E5}.Debug|Any CPU.Build.0 = Debug|Any CPU
		{FAB6675D-58DB-4BE0-A9E2-21AF605075E5}.Debug|Mixed Platforms.ActiveCfg = Debug|Any CPU
		{FAB6675D-58DB-4BE0-A9E2-21AF605075E5}.Debug|Mixed Platforms.Build.0 = Debug|Any CPU
		{FAB6675D-58DB-4BE0-A9E2-21AF605075E5}.Debug|x86.ActiveCfg = Debug|Any CPU
		{FAB6675D-58DB-4BE0-A9E2-21AF605075E5}.Release|Any CPU.ActiveCfg = Release|Any CPU
		{FAB6675D-58DB-4BE0-A9E2-21AF605075E5}.Release|Any CPU.Build.0 = Release|Any CPU
		{FAB6675D-58DB-4BE0-A9E2-21AF605075E5}.Release|Mixed Platforms.ActiveCfg = Release|Any CPU
		{FAB6675D-58DB-4BE0-A9E2-21AF605075E5}.Release|Mixed Platforms.Build.0 = Release|Any CPU
		{FAB6675D-58DB-4BE0-A9E2-21AF605075E5}.Release|x86.ActiveCfg = Release|Any CPU
		{287C7489-67BA-423D-B3BA-26DA7F212D3F}.Debug|Any CPU.ActiveCfg = Debug|Any CPU
		{287C7489-67BA-423D-B3BA-26DA7F212D3F}.Debug|Any CPU.Build.0 = Debug|Any CPU
		{287C7489-67BA-423D-B3BA-26DA7F212D3F}.Debug|Mixed Platforms.ActiveCfg = Debug|Any CPU
		{287C7489-67BA-423D-B3BA-26DA7F212D3F}.Debug|Mixed Platforms.Build.0 = Debug|Any CPU
		{287C7489-67BA-423D-B3BA-26DA7F212D3F}.Debug|x86.ActiveCfg = Debug|Any CPU
		{287C7489-67BA-423D-B3BA-26DA7F212D3F}.Release|Any CPU.ActiveCfg = Release|Any CPU
		{287C7489-67BA-423D-B3BA-26DA7F212D3F}.Release|Any CPU.Build.0 = Release|Any CPU
		{287C7489-67BA-423D-B3BA-26DA7F212D3F}.Release|Mixed Platforms.ActiveCfg = Release|Any CPU
		{287C7489-67BA-423D-B3BA-26DA7F212D3F}.Release|Mixed Platforms.Build.0 = Release|Any CPU
		{287C7489-67BA-423D-B3BA-26DA7F212D3F}.Release|x86.ActiveCfg = Release|Any CPU
		{FC331572-C58B-4725-9C25-98CC95B81503}.Debug|Any CPU.ActiveCfg = Debug|Any CPU
		{FC331572-C58B-4725-9C25-98CC95B81503}.Debug|Any CPU.Build.0 = Debug|Any CPU
		{FC331572-C58B-4725-9C25-98CC95B81503}.Debug|Mixed Platforms.ActiveCfg = Debug|Any CPU
		{FC331572-C58B-4725-9C25-98CC95B81503}.Debug|Mixed Platforms.Build.0 = Debug|Any CPU
		{FC331572-C58B-4725-9C25-98CC95B81503}.Debug|x86.ActiveCfg = Debug|Any CPU
		{FC331572-C58B-4725-9C25-98CC95B81503}.Release|Any CPU.ActiveCfg = Release|Any CPU
		{FC331572-C58B-4725-9C25-98CC95B81503}.Release|Any CPU.Build.0 = Release|Any CPU
		{FC331572-C58B-4725-9C25-98CC95B81503}.Release|Mixed Platforms.ActiveCfg = Release|Any CPU
		{FC331572-C58B-4725-9C25-98CC95B81503}.Release|Mixed Platforms.Build.0 = Release|Any CPU
		{FC331572-C58B-4725-9C25-98CC95B81503}.Release|x86.ActiveCfg = Release|Any CPU
		{461D4646-5E68-4F8C-9C99-39426FA6E02C}.Debug|Any CPU.ActiveCfg = Debug|Any CPU
		{461D4646-5E68-4F8C-9C99-39426FA6E02C}.Debug|Any CPU.Build.0 = Debug|Any CPU
		{461D4646-5E68-4F8C-9C99-39426FA6E02C}.Debug|Mixed Platforms.ActiveCfg = Debug|Any CPU
		{461D4646-5E68-4F8C-9C99-39426FA6E02C}.Debug|Mixed Platforms.Build.0 = Debug|Any CPU
		{461D4646-5E68-4F8C-9C99-39426FA6E02C}.Debug|x86.ActiveCfg = Debug|Any CPU
		{461D4646-5E68-4F8C-9C99-39426FA6E02C}.Release|Any CPU.ActiveCfg = Release|Any CPU
		{461D4646-5E68-4F8C-9C99-39426FA6E02C}.Release|Any CPU.Build.0 = Release|Any CPU
		{461D4646-5E68-4F8C-9C99-39426FA6E02C}.Release|Mixed Platforms.ActiveCfg = Release|Any CPU
		{461D4646-5E68-4F8C-9C99-39426FA6E02C}.Release|Mixed Platforms.Build.0 = Release|Any CPU
		{461D4646-5E68-4F8C-9C99-39426FA6E02C}.Release|x86.ActiveCfg = Release|Any CPU
		{7E61D567-C181-45B4-A9D5-9EE803052BFC}.Debug|Any CPU.ActiveCfg = Debug|Any CPU
		{7E61D567-C181-45B4-A9D5-9EE803052BFC}.Debug|Any CPU.Build.0 = Debug|Any CPU
		{7E61D567-C181-45B4-A9D5-9EE803052BFC}.Debug|Mixed Platforms.ActiveCfg = Debug|Any CPU
		{7E61D567-C181-45B4-A9D5-9EE803052BFC}.Debug|Mixed Platforms.Build.0 = Debug|Any CPU
		{7E61D567-C181-45B4-A9D5-9EE803052BFC}.Debug|x86.ActiveCfg = Debug|Any CPU
		{7E61D567-C181-45B4-A9D5-9EE803052BFC}.Release|Any CPU.ActiveCfg = Release|Any CPU
		{7E61D567-C181-45B4-A9D5-9EE803052BFC}.Release|Any CPU.Build.0 = Release|Any CPU
		{7E61D567-C181-45B4-A9D5-9EE803052BFC}.Release|Mixed Platforms.ActiveCfg = Release|Any CPU
		{7E61D567-C181-45B4-A9D5-9EE803052BFC}.Release|Mixed Platforms.Build.0 = Release|Any CPU
		{7E61D567-C181-45B4-A9D5-9EE803052BFC}.Release|x86.ActiveCfg = Release|Any CPU
		{40787BBB-07C7-4A3B-987F-84DDD2DA69A9}.Debug|Any CPU.ActiveCfg = Debug|Any CPU
		{40787BBB-07C7-4A3B-987F-84DDD2DA69A9}.Debug|Any CPU.Build.0 = Debug|Any CPU
		{40787BBB-07C7-4A3B-987F-84DDD2DA69A9}.Debug|Mixed Platforms.ActiveCfg = Debug|Any CPU
		{40787BBB-07C7-4A3B-987F-84DDD2DA69A9}.Debug|Mixed Platforms.Build.0 = Debug|Any CPU
		{40787BBB-07C7-4A3B-987F-84DDD2DA69A9}.Debug|x86.ActiveCfg = Debug|Any CPU
		{40787BBB-07C7-4A3B-987F-84DDD2DA69A9}.Release|Any CPU.ActiveCfg = Release|Any CPU
		{40787BBB-07C7-4A3B-987F-84DDD2DA69A9}.Release|Any CPU.Build.0 = Release|Any CPU
		{40787BBB-07C7-4A3B-987F-84DDD2DA69A9}.Release|Mixed Platforms.ActiveCfg = Release|Any CPU
		{40787BBB-07C7-4A3B-987F-84DDD2DA69A9}.Release|Mixed Platforms.Build.0 = Release|Any CPU
		{40787BBB-07C7-4A3B-987F-84DDD2DA69A9}.Release|x86.ActiveCfg = Release|Any CPU
		{0A5734EC-480D-4359-A44E-DA5E77C74766}.Debug|Any CPU.ActiveCfg = Debug|Any CPU
		{0A5734EC-480D-4359-A44E-DA5E77C74766}.Debug|Any CPU.Build.0 = Debug|Any CPU
		{0A5734EC-480D-4359-A44E-DA5E77C74766}.Debug|Mixed Platforms.ActiveCfg = Debug|Any CPU
		{0A5734EC-480D-4359-A44E-DA5E77C74766}.Debug|Mixed Platforms.Build.0 = Debug|Any CPU
		{0A5734EC-480D-4359-A44E-DA5E77C74766}.Debug|x86.ActiveCfg = Debug|Any CPU
		{0A5734EC-480D-4359-A44E-DA5E77C74766}.Release|Any CPU.ActiveCfg = Release|Any CPU
		{0A5734EC-480D-4359-A44E-DA5E77C74766}.Release|Any CPU.Build.0 = Release|Any CPU
		{0A5734EC-480D-4359-A44E-DA5E77C74766}.Release|Mixed Platforms.ActiveCfg = Release|Any CPU
		{0A5734EC-480D-4359-A44E-DA5E77C74766}.Release|Mixed Platforms.Build.0 = Release|Any CPU
		{0A5734EC-480D-4359-A44E-DA5E77C74766}.Release|x86.ActiveCfg = Release|Any CPU
		{D74B0B72-FDE1-41BC-A7E7-C6BB7B33FD48}.Debug|Any CPU.ActiveCfg = Debug|Any CPU
		{D74B0B72-FDE1-41BC-A7E7-C6BB7B33FD48}.Debug|Any CPU.Build.0 = Debug|Any CPU
		{D74B0B72-FDE1-41BC-A7E7-C6BB7B33FD48}.Debug|Mixed Platforms.ActiveCfg = Debug|Any CPU
		{D74B0B72-FDE1-41BC-A7E7-C6BB7B33FD48}.Debug|Mixed Platforms.Build.0 = Debug|Any CPU
		{D74B0B72-FDE1-41BC-A7E7-C6BB7B33FD48}.Debug|x86.ActiveCfg = Debug|Any CPU
		{D74B0B72-FDE1-41BC-A7E7-C6BB7B33FD48}.Release|Any CPU.ActiveCfg = Release|Any CPU
		{D74B0B72-FDE1-41BC-A7E7-C6BB7B33FD48}.Release|Any CPU.Build.0 = Release|Any CPU
		{D74B0B72-FDE1-41BC-A7E7-C6BB7B33FD48}.Release|Mixed Platforms.ActiveCfg = Release|Any CPU
		{D74B0B72-FDE1-41BC-A7E7-C6BB7B33FD48}.Release|Mixed Platforms.Build.0 = Release|Any CPU
		{D74B0B72-FDE1-41BC-A7E7-C6BB7B33FD48}.Release|x86.ActiveCfg = Release|Any CPU
		{1F2B3B66-ACBF-444D-B080-E4651D044FBD}.Debug|Any CPU.ActiveCfg = Debug|Any CPU
		{1F2B3B66-ACBF-444D-B080-E4651D044FBD}.Debug|Any CPU.Build.0 = Debug|Any CPU
		{1F2B3B66-ACBF-444D-B080-E4651D044FBD}.Debug|Mixed Platforms.ActiveCfg = Debug|Any CPU
		{1F2B3B66-ACBF-444D-B080-E4651D044FBD}.Debug|Mixed Platforms.Build.0 = Debug|Any CPU
		{1F2B3B66-ACBF-444D-B080-E4651D044FBD}.Debug|x86.ActiveCfg = Debug|Any CPU
		{1F2B3B66-ACBF-444D-B080-E4651D044FBD}.Release|Any CPU.ActiveCfg = Release|Any CPU
		{1F2B3B66-ACBF-444D-B080-E4651D044FBD}.Release|Any CPU.Build.0 = Release|Any CPU
		{1F2B3B66-ACBF-444D-B080-E4651D044FBD}.Release|Mixed Platforms.ActiveCfg = Release|Any CPU
		{1F2B3B66-ACBF-444D-B080-E4651D044FBD}.Release|Mixed Platforms.Build.0 = Release|Any CPU
		{1F2B3B66-ACBF-444D-B080-E4651D044FBD}.Release|x86.ActiveCfg = Release|Any CPU
		{ABA3F767-2F01-4229-8FA4-730D192556F2}.Debug|Any CPU.ActiveCfg = Debug|Any CPU
		{ABA3F767-2F01-4229-8FA4-730D192556F2}.Debug|Any CPU.Build.0 = Debug|Any CPU
		{ABA3F767-2F01-4229-8FA4-730D192556F2}.Debug|Mixed Platforms.ActiveCfg = Debug|Any CPU
		{ABA3F767-2F01-4229-8FA4-730D192556F2}.Debug|Mixed Platforms.Build.0 = Debug|Any CPU
		{ABA3F767-2F01-4229-8FA4-730D192556F2}.Debug|x86.ActiveCfg = Debug|Any CPU
		{ABA3F767-2F01-4229-8FA4-730D192556F2}.Release|Any CPU.ActiveCfg = Release|Any CPU
		{ABA3F767-2F01-4229-8FA4-730D192556F2}.Release|Any CPU.Build.0 = Release|Any CPU
		{ABA3F767-2F01-4229-8FA4-730D192556F2}.Release|Mixed Platforms.ActiveCfg = Release|Any CPU
		{ABA3F767-2F01-4229-8FA4-730D192556F2}.Release|Mixed Platforms.Build.0 = Release|Any CPU
		{ABA3F767-2F01-4229-8FA4-730D192556F2}.Release|x86.ActiveCfg = Release|Any CPU
	EndGlobalSection
	GlobalSection(SolutionProperties) = preSolution
		HideSolutionNode = FALSE
	EndGlobalSection
	GlobalSection(NestedProjects) = preSolution
		{E9BD5BB1-E9FF-4D67-B67C-5466B9478894} = {7B1C8020-6B31-43B2-A868-B91F3E1600C7}
		{02049FFB-97DF-4E94-9329-7D7F66D1E9B9} = {7B1C8020-6B31-43B2-A868-B91F3E1600C7}
		{15BA3625-9078-4CE4-A2BD-DC498CB793F5} = {FF7A2017-0A89-4C13-BFC8-2E8B4D8FABCC}
		{4A5CF23B-23DC-4571-B875-D66EECE28F63} = {E9BD5BB1-E9FF-4D67-B67C-5466B9478894}
		{BFA85ADB-A92B-46BD-9FC5-AEE154031EB9} = {02049FFB-97DF-4E94-9329-7D7F66D1E9B9}
		{47349A16-AF03-4522-8085-C959E3063C0C} = {02049FFB-97DF-4E94-9329-7D7F66D1E9B9}
		{F7FF594E-70D4-4611-8908-579E1CA7A9FA} = {02049FFB-97DF-4E94-9329-7D7F66D1E9B9}
		{E1E79AE1-6BC5-4647-AC7E-4CF54C4FEFC3} = {7FF9BB96-897C-4F35-8518-9A1ACF15C0E9}
		{246E33E8-86A8-4E21-A966-9387D3563B4D} = {7FF9BB96-897C-4F35-8518-9A1ACF15C0E9}
		{C9D0D0DD-1BC4-4DE6-96EE-730BBAB6B467} = {F65C0B27-5F13-4F8C-AF9A-90A78BB68D63}
		{81BD974A-E465-4727-9839-149CA249F78A} = {FF7A2017-0A89-4C13-BFC8-2E8B4D8FABCC}
		{477AC7F0-9779-4607-A255-1889E6A74B0B} = {F65C0B27-5F13-4F8C-AF9A-90A78BB68D63}
		{B33186A2-823E-4700-8BC9-F40455EA1A5C} = {F65C0B27-5F13-4F8C-AF9A-90A78BB68D63}
		{4AD9DC23-0D50-49E9-8CB2-87AAD6A439C9} = {02049FFB-97DF-4E94-9329-7D7F66D1E9B9}
		{8639F8E2-D3C6-41AF-A201-6B7DFBF063A5} = {FAB933ED-1828-45D0-9E4B-BD023885EBFE}
		{C2FE8D98-403B-4654-805E-B3C21D02D8BC} = {FAB933ED-1828-45D0-9E4B-BD023885EBFE}
		{0543F20D-A497-405B-B94F-952550AFEAEC} = {FAB933ED-1828-45D0-9E4B-BD023885EBFE}
		{57DAA198-C91D-40EB-9DA5-39AE524B20C5} = {8639F8E2-D3C6-41AF-A201-6B7DFBF063A5}
		{F0CF3088-FE34-40B0-9C1F-C0EC5DE67BDE} = {8639F8E2-D3C6-41AF-A201-6B7DFBF063A5}
		{4585BA2B-B41A-4E95-A7BA-A7CBE1440E97} = {8639F8E2-D3C6-41AF-A201-6B7DFBF063A5}
		{3306C8F6-51A4-4CAF-84C6-45566D99D216} = {C2FE8D98-403B-4654-805E-B3C21D02D8BC}
		{FAB6675D-58DB-4BE0-A9E2-21AF605075E5} = {C2FE8D98-403B-4654-805E-B3C21D02D8BC}
		{287C7489-67BA-423D-B3BA-26DA7F212D3F} = {C2FE8D98-403B-4654-805E-B3C21D02D8BC}
		{FC331572-C58B-4725-9C25-98CC95B81503} = {0543F20D-A497-405B-B94F-952550AFEAEC}
		{461D4646-5E68-4F8C-9C99-39426FA6E02C} = {0543F20D-A497-405B-B94F-952550AFEAEC}
		{D59F3E86-4625-43D8-9B44-58695EAA98D3} = {BE632D42-A75C-4EF2-B66D-AAC9387FB9B3}
		{7E61D567-C181-45B4-A9D5-9EE803052BFC} = {BE632D42-A75C-4EF2-B66D-AAC9387FB9B3}
		{40787BBB-07C7-4A3B-987F-84DDD2DA69A9} = {BE632D42-A75C-4EF2-B66D-AAC9387FB9B3}
		{0A5734EC-480D-4359-A44E-DA5E77C74766} = {BE632D42-A75C-4EF2-B66D-AAC9387FB9B3}
		{D74B0B72-FDE1-41BC-A7E7-C6BB7B33FD48} = {D59F3E86-4625-43D8-9B44-58695EAA98D3}
		{1F2B3B66-ACBF-444D-B080-E4651D044FBD} = {D59F3E86-4625-43D8-9B44-58695EAA98D3}
		{ABA3F767-2F01-4229-8FA4-730D192556F2} = {BE632D42-A75C-4EF2-B66D-AAC9387FB9B3}
	EndGlobalSection
EndGlobal
