
Microsoft Visual Studio Solution File, Format Version 12.00
# Visual Studio 14
VisualStudioVersion = 14.0.23107.0
MinimumVisualStudioVersion = 10.0.40219.1
Project("{2150E333-8FDC-42A3-9474-1A3956D46DE8}") = "SubProcess", "SubProcess", "{8639F8E2-D3C6-41AF-A201-6B7DFBF063A5}"
EndProject
Project("{2150E333-8FDC-42A3-9474-1A3956D46DE8}") = "Process", "Process", "{C2FE8D98-403B-4654-805E-B3C21D02D8BC}"
EndProject
Project("{2150E333-8FDC-42A3-9474-1A3956D46DE8}") = "ScheduledTasks", "ScheduledTasks", "{0543F20D-A497-405B-B94F-952550AFEAEC}"
EndProject
Project("{FAE04EC0-301F-11D3-BF4B-00C04F79EFBC}") = "Dsl", "Dsl\Dsl.csproj", "{57DAA198-C91D-40EB-9DA5-39AE524B20C5}"
EndProject
Project("{FAE04EC0-301F-11D3-BF4B-00C04F79EFBC}") = "ModelBusAdapter", "ModelBusAdapter\ModelBusAdapter.csproj", "{4585BA2B-B41A-4E95-A7BA-A7CBE1440E97}"
EndProject
Project("{FAE04EC0-301F-11D3-BF4B-00C04F79EFBC}") = "Dsl", "ProcessOverview\Dsl\Dsl.csproj", "{3306C8F6-51A4-4CAF-84C6-45566D99D216}"
EndProject
Project("{FAE04EC0-301F-11D3-BF4B-00C04F79EFBC}") = "ModelBusAdapter", "ProcessOverview\ModelBusAdapter\ModelBusAdapter.csproj", "{287C7489-67BA-423D-B3BA-26DA7F212D3F}"
EndProject
Project("{FAE04EC0-301F-11D3-BF4B-00C04F79EFBC}") = "Dsl", "ScheduledTasks\Dsl\Dsl.csproj", "{FC331572-C58B-4725-9C25-98CC95B81503}"
EndProject
Project("{FAE04EC0-301F-11D3-BF4B-00C04F79EFBC}") = "CloudCore.Data", "..\..\DataLayer\Data\CloudCore.Data.csproj", "{246E33E8-86A8-4E21-A966-9387D3563B4D}"
EndProject
Project("{FAE04EC0-301F-11D3-BF4B-00C04F79EFBC}") = "CloudCore.Core", "..\..\Core Libraries\CloudCore.Core\CloudCore.Core.csproj", "{C9D0D0DD-1BC4-4DE6-96EE-730BBAB6B467}"
EndProject
Project("{2150E333-8FDC-42A3-9474-1A3956D46DE8}") = "Architect", "Architect", "{FAB933ED-1828-45D0-9E4B-BD023885EBFE}"
EndProject
Project("{FAE04EC0-301F-11D3-BF4B-00C04F79EFBC}") = "DslPackage", "DslPackage\DslPackage.csproj", "{F0CF3088-FE34-40B0-9C1F-C0EC5DE67BDE}"
EndProject
Project("{FAE04EC0-301F-11D3-BF4B-00C04F79EFBC}") = "DslPackage", "ProcessOverview\DslPackage\DslPackage.csproj", "{FAB6675D-58DB-4BE0-A9E2-21AF605075E5}"
EndProject
Project("{FAE04EC0-301F-11D3-BF4B-00C04F79EFBC}") = "DslPackage", "ScheduledTasks\DslPackage\DslPackage.csproj", "{461D4646-5E68-4F8C-9C99-39426FA6E02C}"
EndProject
Global
	GlobalSection(SolutionConfigurationPlatforms) = preSolution
		Debug|Any CPU = Debug|Any CPU
		Release|Any CPU = Release|Any CPU
		SqlExpress|Any CPU = SqlExpress|Any CPU
	EndGlobalSection
	GlobalSection(ProjectConfigurationPlatforms) = postSolution
		{57DAA198-C91D-40EB-9DA5-39AE524B20C5}.Debug|Any CPU.ActiveCfg = Debug|Any CPU
		{57DAA198-C91D-40EB-9DA5-39AE524B20C5}.Debug|Any CPU.Build.0 = Debug|Any CPU
		{57DAA198-C91D-40EB-9DA5-39AE524B20C5}.Release|Any CPU.ActiveCfg = Release|Any CPU
		{57DAA198-C91D-40EB-9DA5-39AE524B20C5}.Release|Any CPU.Build.0 = Release|Any CPU
		{57DAA198-C91D-40EB-9DA5-39AE524B20C5}.SqlExpress|Any CPU.ActiveCfg = Release|Any CPU
		{57DAA198-C91D-40EB-9DA5-39AE524B20C5}.SqlExpress|Any CPU.Build.0 = Release|Any CPU
		{4585BA2B-B41A-4E95-A7BA-A7CBE1440E97}.Debug|Any CPU.ActiveCfg = Debug|Any CPU
		{4585BA2B-B41A-4E95-A7BA-A7CBE1440E97}.Debug|Any CPU.Build.0 = Debug|Any CPU
		{4585BA2B-B41A-4E95-A7BA-A7CBE1440E97}.Release|Any CPU.ActiveCfg = Release|Any CPU
		{4585BA2B-B41A-4E95-A7BA-A7CBE1440E97}.Release|Any CPU.Build.0 = Release|Any CPU
		{4585BA2B-B41A-4E95-A7BA-A7CBE1440E97}.SqlExpress|Any CPU.ActiveCfg = Release|Any CPU
		{4585BA2B-B41A-4E95-A7BA-A7CBE1440E97}.SqlExpress|Any CPU.Build.0 = Release|Any CPU
		{3306C8F6-51A4-4CAF-84C6-45566D99D216}.Debug|Any CPU.ActiveCfg = Debug|Any CPU
		{3306C8F6-51A4-4CAF-84C6-45566D99D216}.Debug|Any CPU.Build.0 = Debug|Any CPU
		{3306C8F6-51A4-4CAF-84C6-45566D99D216}.Release|Any CPU.ActiveCfg = Release|Any CPU
		{3306C8F6-51A4-4CAF-84C6-45566D99D216}.Release|Any CPU.Build.0 = Release|Any CPU
		{3306C8F6-51A4-4CAF-84C6-45566D99D216}.SqlExpress|Any CPU.ActiveCfg = Release|Any CPU
		{3306C8F6-51A4-4CAF-84C6-45566D99D216}.SqlExpress|Any CPU.Build.0 = Release|Any CPU
		{287C7489-67BA-423D-B3BA-26DA7F212D3F}.Debug|Any CPU.ActiveCfg = Debug|Any CPU
		{287C7489-67BA-423D-B3BA-26DA7F212D3F}.Debug|Any CPU.Build.0 = Debug|Any CPU
		{287C7489-67BA-423D-B3BA-26DA7F212D3F}.Release|Any CPU.ActiveCfg = Release|Any CPU
		{287C7489-67BA-423D-B3BA-26DA7F212D3F}.Release|Any CPU.Build.0 = Release|Any CPU
		{287C7489-67BA-423D-B3BA-26DA7F212D3F}.SqlExpress|Any CPU.ActiveCfg = Release|Any CPU
		{287C7489-67BA-423D-B3BA-26DA7F212D3F}.SqlExpress|Any CPU.Build.0 = Release|Any CPU
		{FC331572-C58B-4725-9C25-98CC95B81503}.Debug|Any CPU.ActiveCfg = Debug|Any CPU
		{FC331572-C58B-4725-9C25-98CC95B81503}.Debug|Any CPU.Build.0 = Debug|Any CPU
		{FC331572-C58B-4725-9C25-98CC95B81503}.Release|Any CPU.ActiveCfg = Release|Any CPU
		{FC331572-C58B-4725-9C25-98CC95B81503}.Release|Any CPU.Build.0 = Release|Any CPU
		{FC331572-C58B-4725-9C25-98CC95B81503}.SqlExpress|Any CPU.ActiveCfg = Release|Any CPU
		{FC331572-C58B-4725-9C25-98CC95B81503}.SqlExpress|Any CPU.Build.0 = Release|Any CPU
		{246E33E8-86A8-4E21-A966-9387D3563B4D}.Debug|Any CPU.ActiveCfg = Debug|Any CPU
		{246E33E8-86A8-4E21-A966-9387D3563B4D}.Debug|Any CPU.Build.0 = Debug|Any CPU
		{246E33E8-86A8-4E21-A966-9387D3563B4D}.Release|Any CPU.ActiveCfg = Release|Any CPU
		{246E33E8-86A8-4E21-A966-9387D3563B4D}.Release|Any CPU.Build.0 = Release|Any CPU
		{246E33E8-86A8-4E21-A966-9387D3563B4D}.SqlExpress|Any CPU.ActiveCfg = SqlExpress|Any CPU
		{246E33E8-86A8-4E21-A966-9387D3563B4D}.SqlExpress|Any CPU.Build.0 = SqlExpress|Any CPU
		{C9D0D0DD-1BC4-4DE6-96EE-730BBAB6B467}.Debug|Any CPU.ActiveCfg = Debug|Any CPU
		{C9D0D0DD-1BC4-4DE6-96EE-730BBAB6B467}.Debug|Any CPU.Build.0 = Debug|Any CPU
		{C9D0D0DD-1BC4-4DE6-96EE-730BBAB6B467}.Release|Any CPU.ActiveCfg = Release|Any CPU
		{C9D0D0DD-1BC4-4DE6-96EE-730BBAB6B467}.Release|Any CPU.Build.0 = Release|Any CPU
		{C9D0D0DD-1BC4-4DE6-96EE-730BBAB6B467}.SqlExpress|Any CPU.ActiveCfg = SqlExpress|Any CPU
		{C9D0D0DD-1BC4-4DE6-96EE-730BBAB6B467}.SqlExpress|Any CPU.Build.0 = SqlExpress|Any CPU
		{F0CF3088-FE34-40B0-9C1F-C0EC5DE67BDE}.Debug|Any CPU.ActiveCfg = Debug|Any CPU
		{F0CF3088-FE34-40B0-9C1F-C0EC5DE67BDE}.Debug|Any CPU.Build.0 = Debug|Any CPU
		{F0CF3088-FE34-40B0-9C1F-C0EC5DE67BDE}.Release|Any CPU.ActiveCfg = Release|Any CPU
		{F0CF3088-FE34-40B0-9C1F-C0EC5DE67BDE}.Release|Any CPU.Build.0 = Release|Any CPU
		{F0CF3088-FE34-40B0-9C1F-C0EC5DE67BDE}.SqlExpress|Any CPU.ActiveCfg = Release|Any CPU
		{F0CF3088-FE34-40B0-9C1F-C0EC5DE67BDE}.SqlExpress|Any CPU.Build.0 = Release|Any CPU
		{FAB6675D-58DB-4BE0-A9E2-21AF605075E5}.Debug|Any CPU.ActiveCfg = Debug|Any CPU
		{FAB6675D-58DB-4BE0-A9E2-21AF605075E5}.Debug|Any CPU.Build.0 = Debug|Any CPU
		{FAB6675D-58DB-4BE0-A9E2-21AF605075E5}.Release|Any CPU.ActiveCfg = Release|Any CPU
		{FAB6675D-58DB-4BE0-A9E2-21AF605075E5}.Release|Any CPU.Build.0 = Release|Any CPU
		{FAB6675D-58DB-4BE0-A9E2-21AF605075E5}.SqlExpress|Any CPU.ActiveCfg = Release|Any CPU
		{FAB6675D-58DB-4BE0-A9E2-21AF605075E5}.SqlExpress|Any CPU.Build.0 = Release|Any CPU
		{461D4646-5E68-4F8C-9C99-39426FA6E02C}.Debug|Any CPU.ActiveCfg = Debug|Any CPU
		{461D4646-5E68-4F8C-9C99-39426FA6E02C}.Debug|Any CPU.Build.0 = Debug|Any CPU
		{461D4646-5E68-4F8C-9C99-39426FA6E02C}.Release|Any CPU.ActiveCfg = Release|Any CPU
		{461D4646-5E68-4F8C-9C99-39426FA6E02C}.Release|Any CPU.Build.0 = Release|Any CPU
		{461D4646-5E68-4F8C-9C99-39426FA6E02C}.SqlExpress|Any CPU.ActiveCfg = Release|Any CPU
		{461D4646-5E68-4F8C-9C99-39426FA6E02C}.SqlExpress|Any CPU.Build.0 = Release|Any CPU
	EndGlobalSection
	GlobalSection(SolutionProperties) = preSolution
		HideSolutionNode = FALSE
	EndGlobalSection
	GlobalSection(NestedProjects) = preSolution
		{8639F8E2-D3C6-41AF-A201-6B7DFBF063A5} = {FAB933ED-1828-45D0-9E4B-BD023885EBFE}
		{C2FE8D98-403B-4654-805E-B3C21D02D8BC} = {FAB933ED-1828-45D0-9E4B-BD023885EBFE}
		{0543F20D-A497-405B-B94F-952550AFEAEC} = {FAB933ED-1828-45D0-9E4B-BD023885EBFE}
		{57DAA198-C91D-40EB-9DA5-39AE524B20C5} = {8639F8E2-D3C6-41AF-A201-6B7DFBF063A5}
		{4585BA2B-B41A-4E95-A7BA-A7CBE1440E97} = {8639F8E2-D3C6-41AF-A201-6B7DFBF063A5}
		{3306C8F6-51A4-4CAF-84C6-45566D99D216} = {C2FE8D98-403B-4654-805E-B3C21D02D8BC}
		{287C7489-67BA-423D-B3BA-26DA7F212D3F} = {C2FE8D98-403B-4654-805E-B3C21D02D8BC}
		{FC331572-C58B-4725-9C25-98CC95B81503} = {0543F20D-A497-405B-B94F-952550AFEAEC}
		{F0CF3088-FE34-40B0-9C1F-C0EC5DE67BDE} = {8639F8E2-D3C6-41AF-A201-6B7DFBF063A5}
		{FAB6675D-58DB-4BE0-A9E2-21AF605075E5} = {C2FE8D98-403B-4654-805E-B3C21D02D8BC}
		{461D4646-5E68-4F8C-9C99-39426FA6E02C} = {0543F20D-A497-405B-B94F-952550AFEAEC}
	EndGlobalSection
	GlobalSection(TestCaseManagementSettings) = postSolution
		CategoryFile = BtomicDSL.vsmdi
	EndGlobalSection
EndGlobal
